
Microsoft Visual Studio Solution File, Format Version 12.00
# Visual Studio 14
VisualStudioVersion = 14.0.25420.1
MinimumVisualStudioVersion = 10.0.40219.1
Project("{FAE04EC0-301F-11D3-BF4B-00C04F79EFBC}") = "DecimalToRoman", "DecimalToRoman\DecimalToRoman.csproj", "{BBD612A5-789A-4544-916E-F5C6FB360D4B}"
EndProject
Project("{FAE04EC0-301F-11D3-BF4B-00C04F79EFBC}") = "DecimalToRomanLibrary", "DecimalToRomanLibrary\DecimalToRomanLibrary.csproj", "{F951787E-3C64-4597-B09B-D9B2F129D7B2}"
EndProject
Project("{FAE04EC0-301F-11D3-BF4B-00C04F79EFBC}") = "DecimalToRomanTester", "DecimalToRomanTester\DecimalToRomanTester.csproj", "{8D501D93-3B70-4270-93C6-02973A4CB7B0}"
EndProject
Global
	GlobalSection(SolutionConfigurationPlatforms) = preSolution
		Debug|Any CPU = Debug|Any CPU
		Release|Any CPU = Release|Any CPU
	EndGlobalSection
	GlobalSection(ProjectConfigurationPlatforms) = postSolution
		{BBD612A5-789A-4544-916E-F5C6FB360D4B}.Debug|Any CPU.ActiveCfg = Debug|Any CPU
		{BBD612A5-789A-4544-916E-F5C6FB360D4B}.Debug|Any CPU.Build.0 = Debug|Any CPU
		{BBD612A5-789A-4544-916E-F5C6FB360D4B}.Release|Any CPU.ActiveCfg = Release|Any CPU
		{BBD612A5-789A-4544-916E-F5C6FB360D4B}.Release|Any CPU.Build.0 = Release|Any CPU
		{F951787E-3C64-4597-B09B-D9B2F129D7B2}.Debug|Any CPU.ActiveCfg = Debug|Any CPU
		{F951787E-3C64-4597-B09B-D9B2F129D7B2}.Debug|Any CPU.Build.0 = Debug|Any CPU
		{F951787E-3C64-4597-B09B-D9B2F129D7B2}.Release|Any CPU.ActiveCfg = Release|Any CPU
		{F951787E-3C64-4597-B09B-D9B2F129D7B2}.Release|Any CPU.Build.0 = Release|Any CPU
		{8D501D93-3B70-4270-93C6-02973A4CB7B0}.Debug|Any CPU.ActiveCfg = Debug|Any CPU
		{8D501D93-3B70-4270-93C6-02973A4CB7B0}.Debug|Any CPU.Build.0 = Debug|Any CPU
		{8D501D93-3B70-4270-93C6-02973A4CB7B0}.Release|Any CPU.ActiveCfg = Release|Any CPU
		{8D501D93-3B70-4270-93C6-02973A4CB7B0}.Release|Any CPU.Build.0 = Release|Any CPU
	EndGlobalSection
	GlobalSection(SolutionProperties) = preSolution
		HideSolutionNode = FALSE
	EndGlobalSection
EndGlobal
